
Microsoft Visual Studio Solution File, Format Version 12.00
# Visual Studio Version 16
VisualStudioVersion = 16.0.29728.190
MinimumVisualStudioVersion = 10.0.40219.1
Project("{FAE04EC0-301F-11D3-BF4B-00C04F79EFBC}") = "Factorial", "Factorial\Factorial.csproj", "{CCD657F6-7364-433D-A379-BAC45E411894}"
EndProject
Global
	GlobalSection(SolutionConfigurationPlatforms) = preSolution
		Debug|Any CPU = Debug|Any CPU
		Release|Any CPU = Release|Any CPU
	EndGlobalSection
	GlobalSection(ProjectConfigurationPlatforms) = postSolution
		{CCD657F6-7364-433D-A379-BAC45E411894}.Debug|Any CPU.ActiveCfg = Debug|Any CPU
		{CCD657F6-7364-433D-A379-BAC45E411894}.Debug|Any CPU.Build.0 = Debug|Any CPU
		{CCD657F6-7364-433D-A379-BAC45E411894}.Release|Any CPU.ActiveCfg = Release|Any CPU
		{CCD657F6-7364-433D-A379-BAC45E411894}.Release|Any CPU.Build.0 = Release|Any CPU
	EndGlobalSection
	GlobalSection(SolutionProperties) = preSolution
		HideSolutionNode = FALSE
	EndGlobalSection
	GlobalSection(ExtensibilityGlobals) = postSolution
		SolutionGuid = {4E53F72B-8134-4C13-9225-D2937AFDD381}
	EndGlobalSection
EndGlobal
