
Microsoft Visual Studio Solution File, Format Version 12.00
# Visual Studio Version 16
VisualStudioVersion = 16.0.29728.190
MinimumVisualStudioVersion = 10.0.40219.1
Project("{FAE04EC0-301F-11D3-BF4B-00C04F79EFBC}") = "primenumber", "primenumber\primenumber.csproj", "{B6F477F3-0B1B-40BE-B6F3-5AA1B4671121}"
EndProject
Global
	GlobalSection(SolutionConfigurationPlatforms) = preSolution
		Debug|Any CPU = Debug|Any CPU
		Release|Any CPU = Release|Any CPU
	EndGlobalSection
	GlobalSection(ProjectConfigurationPlatforms) = postSolution
		{B6F477F3-0B1B-40BE-B6F3-5AA1B4671121}.Debug|Any CPU.ActiveCfg = Debug|Any CPU
		{B6F477F3-0B1B-40BE-B6F3-5AA1B4671121}.Debug|Any CPU.Build.0 = Debug|Any CPU
		{B6F477F3-0B1B-40BE-B6F3-5AA1B4671121}.Release|Any CPU.ActiveCfg = Release|Any CPU
		{B6F477F3-0B1B-40BE-B6F3-5AA1B4671121}.Release|Any CPU.Build.0 = Release|Any CPU
	EndGlobalSection
	GlobalSection(SolutionProperties) = preSolution
		HideSolutionNode = FALSE
	EndGlobalSection
	GlobalSection(ExtensibilityGlobals) = postSolution
		SolutionGuid = {59290378-B165-46F5-B17E-B8F900D90D4E}
	EndGlobalSection
EndGlobal
