
Microsoft Visual Studio Solution File, Format Version 12.00
# Visual Studio Version 16
VisualStudioVersion = 16.0.29728.190
MinimumVisualStudioVersion = 10.0.40219.1
Project("{FAE04EC0-301F-11D3-BF4B-00C04F79EFBC}") = "whileloop", "whileloop\whileloop.csproj", "{829A8CE0-7B0C-46A0-A763-61076C754E7B}"
EndProject
Global
	GlobalSection(SolutionConfigurationPlatforms) = preSolution
		Debug|Any CPU = Debug|Any CPU
		Release|Any CPU = Release|Any CPU
	EndGlobalSection
	GlobalSection(ProjectConfigurationPlatforms) = postSolution
		{829A8CE0-7B0C-46A0-A763-61076C754E7B}.Debug|Any CPU.ActiveCfg = Debug|Any CPU
		{829A8CE0-7B0C-46A0-A763-61076C754E7B}.Debug|Any CPU.Build.0 = Debug|Any CPU
		{829A8CE0-7B0C-46A0-A763-61076C754E7B}.Release|Any CPU.ActiveCfg = Release|Any CPU
		{829A8CE0-7B0C-46A0-A763-61076C754E7B}.Release|Any CPU.Build.0 = Release|Any CPU
	EndGlobalSection
	GlobalSection(SolutionProperties) = preSolution
		HideSolutionNode = FALSE
	EndGlobalSection
	GlobalSection(ExtensibilityGlobals) = postSolution
		SolutionGuid = {E4131C69-CFB1-4F2A-8216-3A2A043A39C1}
	EndGlobalSection
EndGlobal
