
Microsoft Visual Studio Solution File, Format Version 12.00
# Visual Studio Version 16
VisualStudioVersion = 16.0.29728.190
MinimumVisualStudioVersion = 10.0.40219.1
Project("{FAE04EC0-301F-11D3-BF4B-00C04F79EFBC}") = "Reverseofanumber", "Reverseofanumber\Reverseofanumber.csproj", "{30871DEB-36A4-41C7-BED7-D92801A520C8}"
EndProject
Global
	GlobalSection(SolutionConfigurationPlatforms) = preSolution
		Debug|Any CPU = Debug|Any CPU
		Release|Any CPU = Release|Any CPU
	EndGlobalSection
	GlobalSection(ProjectConfigurationPlatforms) = postSolution
		{30871DEB-36A4-41C7-BED7-D92801A520C8}.Debug|Any CPU.ActiveCfg = Debug|Any CPU
		{30871DEB-36A4-41C7-BED7-D92801A520C8}.Debug|Any CPU.Build.0 = Debug|Any CPU
		{30871DEB-36A4-41C7-BED7-D92801A520C8}.Release|Any CPU.ActiveCfg = Release|Any CPU
		{30871DEB-36A4-41C7-BED7-D92801A520C8}.Release|Any CPU.Build.0 = Release|Any CPU
	EndGlobalSection
	GlobalSection(SolutionProperties) = preSolution
		HideSolutionNode = FALSE
	EndGlobalSection
	GlobalSection(ExtensibilityGlobals) = postSolution
		SolutionGuid = {44C80A68-2D24-40BA-8977-8BA019B27D9C}
	EndGlobalSection
EndGlobal
