
Microsoft Visual Studio Solution File, Format Version 12.00
# Visual Studio Version 16
VisualStudioVersion = 16.0.29728.190
MinimumVisualStudioVersion = 10.0.40219.1
Project("{FAE04EC0-301F-11D3-BF4B-00C04F79EFBC}") = "DecimalToBinary", "DecimalToBinary\DecimalToBinary.csproj", "{EF6193CD-4E98-48C2-8E6D-94355F10141D}"
EndProject
Global
	GlobalSection(SolutionConfigurationPlatforms) = preSolution
		Debug|Any CPU = Debug|Any CPU
		Release|Any CPU = Release|Any CPU
	EndGlobalSection
	GlobalSection(ProjectConfigurationPlatforms) = postSolution
		{EF6193CD-4E98-48C2-8E6D-94355F10141D}.Debug|Any CPU.ActiveCfg = Debug|Any CPU
		{EF6193CD-4E98-48C2-8E6D-94355F10141D}.Debug|Any CPU.Build.0 = Debug|Any CPU
		{EF6193CD-4E98-48C2-8E6D-94355F10141D}.Release|Any CPU.ActiveCfg = Release|Any CPU
		{EF6193CD-4E98-48C2-8E6D-94355F10141D}.Release|Any CPU.Build.0 = Release|Any CPU
	EndGlobalSection
	GlobalSection(SolutionProperties) = preSolution
		HideSolutionNode = FALSE
	EndGlobalSection
	GlobalSection(ExtensibilityGlobals) = postSolution
		SolutionGuid = {E7F96F22-CF55-43C9-89DD-9C11FE6BB8CB}
	EndGlobalSection
EndGlobal
